
Microsoft Visual Studio Solution File, Format Version 12.00
# Visual Studio Version 17
VisualStudioVersion = 17.7.34031.279
MinimumVisualStudioVersion = 10.0.40219.1
Project("{888888A0-9F3D-457C-B088-3A5042F75D52}") = "lear-tg-bot", "lear-tg-bot\lear-tg-bot.pyproj", "{519799BD-4EE5-4846-8568-3C5C0791ECD2}"
EndProject
Global
	GlobalSection(SolutionConfigurationPlatforms) = preSolution
		Debug|Any CPU = Debug|Any CPU
		Release|Any CPU = Release|Any CPU
	EndGlobalSection
	GlobalSection(ProjectConfigurationPlatforms) = postSolution
		{519799BD-4EE5-4846-8568-3C5C0791ECD2}.Debug|Any CPU.ActiveCfg = Debug|Any CPU
		{519799BD-4EE5-4846-8568-3C5C0791ECD2}.Release|Any CPU.ActiveCfg = Release|Any CPU
	EndGlobalSection
	GlobalSection(SolutionProperties) = preSolution
		HideSolutionNode = FALSE
	EndGlobalSection
	GlobalSection(ExtensibilityGlobals) = postSolution
		SolutionGuid = {16B64E64-47DE-4B4F-B3E5-674360FDE91F}
	EndGlobalSection
EndGlobal
